{
  "requires": true,
  "lockfileVersion": 1,
  "dependencies": {
    "kiwiii-client": {
      "version": "0.7.2",
      "resolved": "https://registry.npmjs.org/kiwiii-client/-/kiwiii-client-0.7.2.tgz",
      "integrity": "sha512-BKAaaBmbGJd4jp5gopHjgUwNPXiyrMKaXYrdHU0oZAWOSb9qjItzqNIDAv20zlhOqgl32Dfm9SIDfNFHLTeRBA=="
    }
  }
}
